
Microsoft Visual Studio Solution File, Format Version 12.00
# Visual Studio Version 17
VisualStudioVersion = 17.7.34031.279
MinimumVisualStudioVersion = 10.0.40219.1
Project("{FAE04EC0-301F-11D3-BF4B-00C04F79EFBC}") = "WheaterForcast", "WheaterForcast\WheaterForcast.csproj", "{452548F7-6264-48B6-870A-992676065BD6}"
EndProject
Global
	GlobalSection(SolutionConfigurationPlatforms) = preSolution
		Debug|Any CPU = Debug|Any CPU
		Release|Any CPU = Release|Any CPU
	EndGlobalSection
	GlobalSection(ProjectConfigurationPlatforms) = postSolution
		{452548F7-6264-48B6-870A-992676065BD6}.Debug|Any CPU.ActiveCfg = Debug|Any CPU
		{452548F7-6264-48B6-870A-992676065BD6}.Debug|Any CPU.Build.0 = Debug|Any CPU
		{452548F7-6264-48B6-870A-992676065BD6}.Release|Any CPU.ActiveCfg = Release|Any CPU
		{452548F7-6264-48B6-870A-992676065BD6}.Release|Any CPU.Build.0 = Release|Any CPU
	EndGlobalSection
	GlobalSection(SolutionProperties) = preSolution
		HideSolutionNode = FALSE
	EndGlobalSection
	GlobalSection(ExtensibilityGlobals) = postSolution
		SolutionGuid = {2B455F2D-792A-4077-9FE9-3E0F9E413062}
	EndGlobalSection
EndGlobal
